
Microsoft Visual Studio Solution File, Format Version 12.00
# Visual Studio 2012
Project("{FAE04EC0-301F-11D3-BF4B-00C04F79EFBC}") = "BattleRoyale", "BattleRoyale\BattleRoyale.csproj", "{1A4B2332-31C5-47EE-A8D9-BD4320DD061E}"
EndProject
Global
	GlobalSection(SolutionConfigurationPlatforms) = preSolution
		Debug|Any CPU = Debug|Any CPU
		Release|Any CPU = Release|Any CPU
	EndGlobalSection
	GlobalSection(ProjectConfigurationPlatforms) = postSolution
		{1A4B2332-31C5-47EE-A8D9-BD4320DD061E}.Debug|Any CPU.ActiveCfg = Debug|Any CPU
		{1A4B2332-31C5-47EE-A8D9-BD4320DD061E}.Debug|Any CPU.Build.0 = Debug|Any CPU
		{1A4B2332-31C5-47EE-A8D9-BD4320DD061E}.Release|Any CPU.ActiveCfg = Release|Any CPU
		{1A4B2332-31C5-47EE-A8D9-BD4320DD061E}.Release|Any CPU.Build.0 = Release|Any CPU
	EndGlobalSection
	GlobalSection(SolutionProperties) = preSolution
		HideSolutionNode = FALSE
	EndGlobalSection
EndGlobal
